
Microsoft Visual Studio Solution File, Format Version 12.00
# Visual Studio Version 17
VisualStudioVersion = 17.8.34330.188
MinimumVisualStudioVersion = 10.0.40219.1
Project("{9A19103F-16F7-4668-BE54-9A1E7A4F7556}") = "JobPortalCaseStudyCF", "JobPortalCaseStudyCF\JobPortalCaseStudyCF.csproj", "{6F2E1D71-3D6A-4591-A922-2EF1759F0816}"
EndProject
Project("{FAE04EC0-301F-11D3-BF4B-00C04F79EFBC}") = "TestProject", "TestProject\TestProject.csproj", "{CE94D6BB-FBD4-4C01-91F9-BCE311D960CE}"
EndProject
Global
	GlobalSection(SolutionConfigurationPlatforms) = preSolution
		Debug|Any CPU = Debug|Any CPU
		Release|Any CPU = Release|Any CPU
	EndGlobalSection
	GlobalSection(ProjectConfigurationPlatforms) = postSolution
		{6F2E1D71-3D6A-4591-A922-2EF1759F0816}.Debug|Any CPU.ActiveCfg = Debug|Any CPU
		{6F2E1D71-3D6A-4591-A922-2EF1759F0816}.Debug|Any CPU.Build.0 = Debug|Any CPU
		{6F2E1D71-3D6A-4591-A922-2EF1759F0816}.Release|Any CPU.ActiveCfg = Release|Any CPU
		{6F2E1D71-3D6A-4591-A922-2EF1759F0816}.Release|Any CPU.Build.0 = Release|Any CPU
		{CE94D6BB-FBD4-4C01-91F9-BCE311D960CE}.Debug|Any CPU.ActiveCfg = Debug|Any CPU
		{CE94D6BB-FBD4-4C01-91F9-BCE311D960CE}.Debug|Any CPU.Build.0 = Debug|Any CPU
		{CE94D6BB-FBD4-4C01-91F9-BCE311D960CE}.Release|Any CPU.ActiveCfg = Release|Any CPU
		{CE94D6BB-FBD4-4C01-91F9-BCE311D960CE}.Release|Any CPU.Build.0 = Release|Any CPU
	EndGlobalSection
	GlobalSection(SolutionProperties) = preSolution
		HideSolutionNode = FALSE
	EndGlobalSection
	GlobalSection(ExtensibilityGlobals) = postSolution
		SolutionGuid = {05530D84-2A2B-41EC-A2EA-28FD622414E1}
	EndGlobalSection
EndGlobal
